// !$*UTF8*$!
{
	archiveVersion = 1;
	classes = {
	};
	objectVersion = 46;
	objects = {

/* Begin PBXBuildFile section */
		13700FDC202671C200BA836B /* AppDelegate.swift in Sources */ = {isa = PBXBuildFile; fileRef = 13700FDB202671C200BA836B /* AppDelegate.swift */; };
		13700FE1202671C200BA836B /* Main.storyboard in Resources */ = {isa = PBXBuildFile; fileRef = 13700FDF202671C200BA836B /* Main.storyboard */; };
		13700FE3202671C300BA836B /* Assets.xcassets in Resources */ = {isa = PBXBuildFile; fileRef = 13700FE2202671C200BA836B /* Assets.xcassets */; };
		13700FE6202671C300BA836B /* LaunchScreen.storyboard in Resources */ = {isa = PBXBuildFile; fileRef = 13700FE4202671C300BA836B /* LaunchScreen.storyboard */; };
		13700FF1202671C400BA836B /* FlixTests.swift in Sources */ = {isa = PBXBuildFile; fileRef = 13700FF0202671C400BA836B /* FlixTests.swift */; };
		13700FFC202671C400BA836B /* FlixUITests.swift in Sources */ = {isa = PBXBuildFile; fileRef = 13700FFB202671C400BA836B /* FlixUITests.swift */; };
		1370100B202679E400BA836B /* NowPlayingViewController.swift in Sources */ = {isa = PBXBuildFile; fileRef = 1370100A202679E400BA836B /* NowPlayingViewController.swift */; };
		1370100D2026874200BA836B /* MovieCell.swift in Sources */ = {isa = PBXBuildFile; fileRef = 1370100C2026874200BA836B /* MovieCell.swift */; };
		1370100F2027CFB700BA836B /* DetailsViewController.swift in Sources */ = {isa = PBXBuildFile; fileRef = 1370100E2027CFB700BA836B /* DetailsViewController.swift */; };
		13701014202A8C1200BA836B /* PosterCell.swift in Sources */ = {isa = PBXBuildFile; fileRef = 13701013202A8C1200BA836B /* PosterCell.swift */; };
		13701017202A8C8C00BA836B /* SuperheroViewController.swift in Sources */ = {isa = PBXBuildFile; fileRef = 13701016202A8C8C00BA836B /* SuperheroViewController.swift */; };
		13722EAA203126FD002E919A /* WebViewController.swift in Sources */ = {isa = PBXBuildFile; fileRef = 13722EA9203126FD002E919A /* WebViewController.swift */; };
		137D453F2047BA1B00862266 /* Movie.swift in Sources */ = {isa = PBXBuildFile; fileRef = 137D453E2047BA1A00862266 /* Movie.swift */; };
		1396D8692048C4F400F2EE2C /* MovieApiManager.swift in Sources */ = {isa = PBXBuildFile; fileRef = 1396D8682048C4F400F2EE2C /* MovieApiManager.swift */; };
		26DB56DB37B8A1B709E012E7 /* Pods_Flix.framework in Frameworks */ = {isa = PBXBuildFile; fileRef = F7109F0FEA6261B1B6435100 /* Pods_Flix.framework */; };
		C59A265AD6948BEF91C36C2D /* Pods_FlixTests.framework in Frameworks */ = {isa = PBXBuildFile; fileRef = B2A20A4D30BC95160AE89F34 /* Pods_FlixTests.framework */; };
		CAF1CEADE55380BAC25224CD /* Pods_FlixUITests.framework in Frameworks */ = {isa = PBXBuildFile; fileRef = B1382AEA8D302312F3F5ABA5 /* Pods_FlixUITests.framework */; };
/* End PBXBuildFile section */

/* Begin PBXContainerItemProxy section */
		13700FED202671C400BA836B /* PBXContainerItemProxy */ = {
			isa = PBXContainerItemProxy;
			containerPortal = 13700FD0202671C000BA836B /* Project object */;
			proxyType = 1;
			remoteGlobalIDString = 13700FD7202671C000BA836B;
			remoteInfo = Flix;
		};
		13700FF8202671C400BA836B /* PBXContainerItemProxy */ = {
			isa = PBXContainerItemProxy;
			containerPortal = 13700FD0202671C000BA836B /* Project object */;
			proxyType = 1;
			remoteGlobalIDString = 13700FD7202671C000BA836B;
			remoteInfo = Flix;
		};
/* End PBXContainerItemProxy section */

/* Begin PBXFileReference section */
		13700FD8202671C200BA836B /* Flix.app */ = {isa = PBXFileReference; explicitFileType = wrapper.application; includeInIndex = 0; path = Flix.app; sourceTree = BUILT_PRODUCTS_DIR; };
		13700FDB202671C200BA836B /* AppDelegate.swift */ = {isa = PBXFileReference; lastKnownFileType = sourcecode.swift; path = AppDelegate.swift; sourceTree = "<group>"; };
		13700FE0202671C200BA836B /* Base */ = {isa = PBXFileReference; lastKnownFileType = file.storyboard; name = Base; path = Base.lproj/Main.storyboard; sourceTree = "<group>"; };
		13700FE2202671C200BA836B /* Assets.xcassets */ = {isa = PBXFileReference; lastKnownFileType = folder.assetcatalog; path = Assets.xcassets; sourceTree = "<group>"; };
		13700FE5202671C300BA836B /* Base */ = {isa = PBXFileReference; lastKnownFileType = file.storyboard; name = Base; path = Base.lproj/LaunchScreen.storyboard; sourceTree = "<group>"; };
		13700FE7202671C300BA836B /* Info.plist */ = {isa = PBXFileReference; lastKnownFileType = text.plist.xml; path = Info.plist; sourceTree = "<group>"; };
		13700FEC202671C400BA836B /* FlixTests.xctest */ = {isa = PBXFileReference; explicitFileType = wrapper.cfbundle; includeInIndex = 0; path = FlixTests.xctest; sourceTree = BUILT_PRODUCTS_DIR; };
		13700FF0202671C400BA836B /* FlixTests.swift */ = {isa = PBXFileReference; lastKnownFileType = sourcecode.swift; path = FlixTests.swift; sourceTree = "<group>"; };
		13700FF2202671C400BA836B /* Info.plist */ = {isa = PBXFileReference; lastKnownFileType = text.plist.xml; path = Info.plist; sourceTree = "<group>"; };
		13700FF7202671C400BA836B /* FlixUITests.xctest */ = {isa = PBXFileReference; explicitFileType = wrapper.cfbundle; includeInIndex = 0; path = FlixUITests.xctest; sourceTree = BUILT_PRODUCTS_DIR; };
		13700FFB202671C400BA836B /* FlixUITests.swift */ = {isa = PBXFileReference; lastKnownFileType = sourcecode.swift; path = FlixUITests.swift; sourceTree = "<group>"; };
		13700FFD202671C400BA836B /* Info.plist */ = {isa = PBXFileReference; lastKnownFileType = text.plist.xml; path = Info.plist; sourceTree = "<group>"; };
		1370100A202679E400BA836B /* NowPlayingViewController.swift */ = {isa = PBXFileReference; fileEncoding = 4; lastKnownFileType = sourcecode.swift; path = NowPlayingViewController.swift; sourceTree = "<group>"; };
		1370100C2026874200BA836B /* MovieCell.swift */ = {isa = PBXFileReference; fileEncoding = 4; lastKnownFileType = sourcecode.swift; path = MovieCell.swift; sourceTree = "<group>"; };
		1370100E2027CFB700BA836B /* DetailsViewController.swift */ = {isa = PBXFileReference; fileEncoding = 4; lastKnownFileType = sourcecode.swift; path = DetailsViewController.swift; sourceTree = "<group>"; };
		13701013202A8C1200BA836B /* PosterCell.swift */ = {isa = PBXFileReference; fileEncoding = 4; lastKnownFileType = sourcecode.swift; path = PosterCell.swift; sourceTree = "<group>"; };
		13701016202A8C8C00BA836B /* SuperheroViewController.swift */ = {isa = PBXFileReference; fileEncoding = 4; lastKnownFileType = sourcecode.swift; path = SuperheroViewController.swift; sourceTree = "<group>"; };
		13722EA9203126FD002E919A /* WebViewController.swift */ = {isa = PBXFileReference; lastKnownFileType = sourcecode.swift; path = WebViewController.swift; sourceTree = "<group>"; };
		137D453E2047BA1A00862266 /* Movie.swift */ = {isa = PBXFileReference; lastKnownFileType = sourcecode.swift; path = Movie.swift; sourceTree = "<group>"; };
		1396D8682048C4F400F2EE2C /* MovieApiManager.swift */ = {isa = PBXFileReference; lastKnownFileType = sourcecode.swift; path = MovieApiManager.swift; sourceTree = "<group>"; };
		19DA274F8217BEE6F363C1E1 /* Pods-Flix.release.xcconfig */ = {isa = PBXFileReference; includeInIndex = 1; lastKnownFileType = text.xcconfig; name = "Pods-Flix.release.xcconfig"; path = "Pods/Target Support Files/Pods-Flix/Pods-Flix.release.xcconfig"; sourceTree = "<group>"; };
		531058056107A5CCB14093AF /* Pods-FlixTests.debug.xcconfig */ = {isa = PBXFileReference; includeInIndex = 1; lastKnownFileType = text.xcconfig; name = "Pods-FlixTests.debug.xcconfig"; path = "Pods/Target Support Files/Pods-FlixTests/Pods-FlixTests.debug.xcconfig"; sourceTree = "<group>"; };
		55118DCA3FADD146D7B15ABB /* Pods-FlixTests.release.xcconfig */ = {isa = PBXFileReference; includeInIndex = 1; lastKnownFileType = text.xcconfig; name = "Pods-FlixTests.release.xcconfig"; path = "Pods/Target Support Files/Pods-FlixTests/Pods-FlixTests.release.xcconfig"; sourceTree = "<group>"; };
		8E2C986A400F5C5F773DB0F0 /* Pods-Flix.debug.xcconfig */ = {isa = PBXFileReference; includeInIndex = 1; lastKnownFileType = text.xcconfig; name = "Pods-Flix.debug.xcconfig"; path = "Pods/Target Support Files/Pods-Flix/Pods-Flix.debug.xcconfig"; sourceTree = "<group>"; };
		9360FE7E353EDC7F37E73B9B /* Pods-FlixUITests.debug.xcconfig */ = {isa = PBXFileReference; includeInIndex = 1; lastKnownFileType = text.xcconfig; name = "Pods-FlixUITests.debug.xcconfig"; path = "Pods/Target Support Files/Pods-FlixUITests/Pods-FlixUITests.debug.xcconfig"; sourceTree = "<group>"; };
		B1382AEA8D302312F3F5ABA5 /* Pods_FlixUITests.framework */ = {isa = PBXFileReference; explicitFileType = wrapper.framework; includeInIndex = 0; path = Pods_FlixUITests.framework; sourceTree = BUILT_PRODUCTS_DIR; };
		B2A20A4D30BC95160AE89F34 /* Pods_FlixTests.framework */ = {isa = PBXFileReference; explicitFileType = wrapper.framework; includeInIndex = 0; path = Pods_FlixTests.framework; sourceTree = BUILT_PRODUCTS_DIR; };
		F7109F0FEA6261B1B6435100 /* Pods_Flix.framework */ = {isa = PBXFileReference; explicitFileType = wrapper.framework; includeInIndex = 0; path = Pods_Flix.framework; sourceTree = BUILT_PRODUCTS_DIR; };
		FEFF1E882586162142CA009D /* Pods-FlixUITests.release.xcconfig */ = {isa = PBXFileReference; includeInIndex = 1; lastKnownFileType = text.xcconfig; name = "Pods-FlixUITests.release.xcconfig"; path = "Pods/Target Support Files/Pods-FlixUITests/Pods-FlixUITests.release.xcconfig"; sourceTree = "<group>"; };
/* End PBXFileReference section */

/* Begin PBXFrameworksBuildPhase section */
		13700FD5202671C000BA836B /* Frameworks */ = {
			isa = PBXFrameworksBuildPhase;
			buildActionMask = 2147483647;
			files = (
				26DB56DB37B8A1B709E012E7 /* Pods_Flix.framework in Frameworks */,
			);
			runOnlyForDeploymentPostprocessing = 0;
		};
		13700FE9202671C400BA836B /* Frameworks */ = {
			isa = PBXFrameworksBuildPhase;
			buildActionMask = 2147483647;
			files = (
				C59A265AD6948BEF91C36C2D /* Pods_FlixTests.framework in Frameworks */,
			);
			runOnlyForDeploymentPostprocessing = 0;
		};
		13700FF4202671C400BA836B /* Frameworks */ = {
			isa = PBXFrameworksBuildPhase;
			buildActionMask = 2147483647;
			files = (
				CAF1CEADE55380BAC25224CD /* Pods_FlixUITests.framework in Frameworks */,
			);
			runOnlyForDeploymentPostprocessing = 0;
		};
/* End PBXFrameworksBuildPhase section */

/* Begin PBXGroup section */
		13700FCF202671C000BA836B = {
			isa = PBXGroup;
			children = (
				13700FDA202671C200BA836B /* Flix */,
				13700FEF202671C400BA836B /* FlixTests */,
				13700FFA202671C400BA836B /* FlixUITests */,
				13700FD9202671C200BA836B /* Products */,
				AB690D1EB6BE7D9EBFC862F4 /* Pods */,
				8503309F1D76BE1F3EECDFEC /* Frameworks */,
			);
			sourceTree = "<group>";
		};
		13700FD9202671C200BA836B /* Products */ = {
			isa = PBXGroup;
			children = (
				13700FD8202671C200BA836B /* Flix.app */,
				13700FEC202671C400BA836B /* FlixTests.xctest */,
				13700FF7202671C400BA836B /* FlixUITests.xctest */,
			);
			name = Products;
			sourceTree = "<group>";
		};
		13700FDA202671C200BA836B /* Flix */ = {
			isa = PBXGroup;
			children = (
				13701015202A8C4E00BA836B /* ViewControllers */,
				13701010202A8B4B00BA836B /* Views */,
				13700FDB202671C200BA836B /* AppDelegate.swift */,
				13700FDF202671C200BA836B /* Main.storyboard */,
				13700FE2202671C200BA836B /* Assets.xcassets */,
				13700FE4202671C300BA836B /* LaunchScreen.storyboard */,
				13700FE7202671C300BA836B /* Info.plist */,
				137D453E2047BA1A00862266 /* Movie.swift */,
				1396D8682048C4F400F2EE2C /* MovieApiManager.swift */,
			);
			path = Flix;
			sourceTree = "<group>";
		};
		13700FEF202671C400BA836B /* FlixTests */ = {
			isa = PBXGroup;
			children = (
				13700FF0202671C400BA836B /* FlixTests.swift */,
				13700FF2202671C400BA836B /* Info.plist */,
			);
			path = FlixTests;
			sourceTree = "<group>";
		};
		13700FFA202671C400BA836B /* FlixUITests */ = {
			isa = PBXGroup;
			children = (
				13700FFB202671C400BA836B /* FlixUITests.swift */,
				13700FFD202671C400BA836B /* Info.plist */,
			);
			path = FlixUITests;
			sourceTree = "<group>";
		};
		13701010202A8B4B00BA836B /* Views */ = {
			isa = PBXGroup;
			children = (
				1370100C2026874200BA836B /* MovieCell.swift */,
				13701013202A8C1200BA836B /* PosterCell.swift */,
			);
			name = Views;
			sourceTree = "<group>";
		};
		13701015202A8C4E00BA836B /* ViewControllers */ = {
			isa = PBXGroup;
			children = (
				1370100A202679E400BA836B /* NowPlayingViewController.swift */,
				1370100E2027CFB700BA836B /* DetailsViewController.swift */,
				13701016202A8C8C00BA836B /* SuperheroViewController.swift */,
				13722EA9203126FD002E919A /* WebViewController.swift */,
			);
			name = ViewControllers;
			sourceTree = "<group>";
		};
		8503309F1D76BE1F3EECDFEC /* Frameworks */ = {
			isa = PBXGroup;
			children = (
				F7109F0FEA6261B1B6435100 /* Pods_Flix.framework */,
				B2A20A4D30BC95160AE89F34 /* Pods_FlixTests.framework */,
				B1382AEA8D302312F3F5ABA5 /* Pods_FlixUITests.framework */,
			);
			name = Frameworks;
			sourceTree = "<group>";
		};
		AB690D1EB6BE7D9EBFC862F4 /* Pods */ = {
			isa = PBXGroup;
			children = (
				8E2C986A400F5C5F773DB0F0 /* Pods-Flix.debug.xcconfig */,
				19DA274F8217BEE6F363C1E1 /* Pods-Flix.release.xcconfig */,
				531058056107A5CCB14093AF /* Pods-FlixTests.debug.xcconfig */,
				55118DCA3FADD146D7B15ABB /* Pods-FlixTests.release.xcconfig */,
				9360FE7E353EDC7F37E73B9B /* Pods-FlixUITests.debug.xcconfig */,
				FEFF1E882586162142CA009D /* Pods-FlixUITests.release.xcconfig */,
			);
			name = Pods;
			sourceTree = "<group>";
		};
/* End PBXGroup section */

/* Begin PBXNativeTarget section */
		13700FD7202671C000BA836B /* Flix */ = {
			isa = PBXNativeTarget;
			buildConfigurationList = 13701000202671C400BA836B /* Build configuration list for PBXNativeTarget "Flix" */;
			buildPhases = (
				A5F042915D79D1F229DB24D9 /* [CP] Check Pods Manifest.lock */,
				13700FD4202671C000BA836B /* Sources */,
				13700FD5202671C000BA836B /* Frameworks */,
				13700FD6202671C000BA836B /* Resources */,
				7FCDB5BC5D147C1B84AC6A5A /* [CP] Embed Pods Frameworks */,
				300524206146F399C13AA57F /* [CP] Copy Pods Resources */,
			);
			buildRules = (
			);
			dependencies = (
			);
			name = Flix;
			productName = Flix;
			productReference = 13700FD8202671C200BA836B /* Flix.app */;
			productType = "com.apple.product-type.application";
		};
		13700FEB202671C400BA836B /* FlixTests */ = {
			isa = PBXNativeTarget;
			buildConfigurationList = 13701003202671C400BA836B /* Build configuration list for PBXNativeTarget "FlixTests" */;
			buildPhases = (
				CCFFE3D54A707B9BB503581A /* [CP] Check Pods Manifest.lock */,
				13700FE8202671C400BA836B /* Sources */,
				13700FE9202671C400BA836B /* Frameworks */,
				13700FEA202671C400BA836B /* Resources */,
				F00683073B5836A0B35D6D5E /* [CP] Embed Pods Frameworks */,
				F867EFAA31B61C2C23CD1229 /* [CP] Copy Pods Resources */,
			);
			buildRules = (
			);
			dependencies = (
				13700FEE202671C400BA836B /* PBXTargetDependency */,
			);
			name = FlixTests;
			productName = FlixTests;
			productReference = 13700FEC202671C400BA836B /* FlixTests.xctest */;
			productType = "com.apple.product-type.bundle.unit-test";
		};
		13700FF6202671C400BA836B /* FlixUITests */ = {
			isa = PBXNativeTarget;
			buildConfigurationList = 13701006202671C400BA836B /* Build configuration list for PBXNativeTarget "FlixUITests" */;
			buildPhases = (
				FCAA02F23537834046975D7F /* [CP] Check Pods Manifest.lock */,
				13700FF3202671C400BA836B /* Sources */,
				13700FF4202671C400BA836B /* Frameworks */,
				13700FF5202671C400BA836B /* Resources */,
				EDCFAC352AD0B71B454369FD /* [CP] Embed Pods Frameworks */,
				804942A6852E52C6A6790FCF /* [CP] Copy Pods Resources */,
			);
			buildRules = (
			);
			dependencies = (
				13700FF9202671C400BA836B /* PBXTargetDependency */,
			);
			name = FlixUITests;
			productName = FlixUITests;
			productReference = 13700FF7202671C400BA836B /* FlixUITests.xctest */;
			productType = "com.apple.product-type.bundle.ui-testing";
		};
/* End PBXNativeTarget section */

/* Begin PBXProject section */
		13700FD0202671C000BA836B /* Project object */ = {
			isa = PBXProject;
			attributes = {
				LastSwiftUpdateCheck = 0820;
				LastUpgradeCheck = 0920;
				ORGANIZATIONNAME = "Michelle Caplin";
				TargetAttributes = {
					13700FD7202671C000BA836B = {
						CreatedOnToolsVersion = 8.2.1;
						DevelopmentTeam = 25TT9R78SH;
						LastSwiftMigration = 0920;
						ProvisioningStyle = Automatic;
					};
					13700FEB202671C400BA836B = {
						CreatedOnToolsVersion = 8.2.1;
						LastSwiftMigration = 0920;
						ProvisioningStyle = Automatic;
						TestTargetID = 13700FD7202671C000BA836B;
					};
					13700FF6202671C400BA836B = {
						CreatedOnToolsVersion = 8.2.1;
						LastSwiftMigration = 0920;
						ProvisioningStyle = Automatic;
						TestTargetID = 13700FD7202671C000BA836B;
					};
				};
			};
			buildConfigurationList = 13700FD3202671C000BA836B /* Build configuration list for PBXProject "Flix" */;
			compatibilityVersion = "Xcode 3.2";
			developmentRegion = English;
			hasScannedForEncodings = 0;
			knownRegions = (
				en,
				Base,
			);
			mainGroup = 13700FCF202671C000BA836B;
			productRefGroup = 13700FD9202671C200BA836B /* Products */;
			projectDirPath = "";
			projectRoot = "";
			targets = (
				13700FD7202671C000BA836B /* Flix */,
				13700FEB202671C400BA836B /* FlixTests */,
				13700FF6202671C400BA836B /* FlixUITests */,
			);
		};
/* End PBXProject section */

/* Begin PBXResourcesBuildPhase section */
		13700FD6202671C000BA836B /* Resources */ = {
			isa = PBXResourcesBuildPhase;
			buildActionMask = 2147483647;
			files = (
				13700FE6202671C300BA836B /* LaunchScreen.storyboard in Resources */,
				13700FE3202671C300BA836B /* Assets.xcassets in Resources */,
				13700FE1202671C200BA836B /* Main.storyboard in Resources */,
			);
			runOnlyForDeploymentPostprocessing = 0;
		};
		13700FEA202671C400BA836B /* Resources */ = {
			isa = PBXResourcesBuildPhase;
			buildActionMask = 2147483647;
			files = (
			);
			runOnlyForDeploymentPostprocessing = 0;
		};
		13700FF5202671C400BA836B /* Resources */ = {
			isa = PBXResourcesBuildPhase;
			buildActionMask = 2147483647;
			files = (
			);
			runOnlyForDeploymentPostprocessing = 0;
		};
/* End PBXResourcesBuildPhase section */

/* Begin PBXShellScriptBuildPhase section */
		300524206146F399C13AA57F /* [CP] Copy Pods Resources */ = {
			isa = PBXShellScriptBuildPhase;
			buildActionMask = 2147483647;
			files = (
			);
			inputPaths = (
			);
			name = "[CP] Copy Pods Resources";
			outputPaths = (
			);
			runOnlyForDeploymentPostprocessing = 0;
			shellPath = /bin/sh;
			shellScript = "\"${SRCROOT}/Pods/Target Support Files/Pods-Flix/Pods-Flix-resources.sh\"\n";
			showEnvVarsInLog = 0;
		};
		7FCDB5BC5D147C1B84AC6A5A /* [CP] Embed Pods Frameworks */ = {
			isa = PBXShellScriptBuildPhase;
			buildActionMask = 2147483647;
			files = (
			);
			inputPaths = (
				"${SRCROOT}/Pods/Target Support Files/Pods-Flix/Pods-Flix-frameworks.sh",
				"${BUILT_PRODUCTS_DIR}/Alamofire/Alamofire.framework",
				"${BUILT_PRODUCTS_DIR}/AlamofireImage/AlamofireImage.framework",
			);
			name = "[CP] Embed Pods Frameworks";
			outputPaths = (
				"${TARGET_BUILD_DIR}/${FRAMEWORKS_FOLDER_PATH}/Alamofire.framework",
				"${TARGET_BUILD_DIR}/${FRAMEWORKS_FOLDER_PATH}/AlamofireImage.framework",
			);
			runOnlyForDeploymentPostprocessing = 0;
			shellPath = /bin/sh;
			shellScript = "\"${SRCROOT}/Pods/Target Support Files/Pods-Flix/Pods-Flix-frameworks.sh\"\n";
			showEnvVarsInLog = 0;
		};
		804942A6852E52C6A6790FCF /* [CP] Copy Pods Resources */ = {
			isa = PBXShellScriptBuildPhase;
			buildActionMask = 2147483647;
			files = (
			);
			inputPaths = (
			);
			name = "[CP] Copy Pods Resources";
			outputPaths = (
			);
			runOnlyForDeploymentPostprocessing = 0;
			shellPath = /bin/sh;
			shellScript = "\"${SRCROOT}/Pods/Target Support Files/Pods-FlixUITests/Pods-FlixUITests-resources.sh\"\n";
			showEnvVarsInLog = 0;
		};
		A5F042915D79D1F229DB24D9 /* [CP] Check Pods Manifest.lock */ = {
			isa = PBXShellScriptBuildPhase;
			buildActionMask = 2147483647;
			files = (
			);
			inputPaths = (
				"${PODS_PODFILE_DIR_PATH}/Podfile.lock",
				"${PODS_ROOT}/Manifest.lock",
			);
			name = "[CP] Check Pods Manifest.lock";
			outputPaths = (
				"$(DERIVED_FILE_DIR)/Pods-Flix-checkManifestLockResult.txt",
			);
			runOnlyForDeploymentPostprocessing = 0;
			shellPath = /bin/sh;
			shellScript = "diff \"${PODS_PODFILE_DIR_PATH}/Podfile.lock\" \"${PODS_ROOT}/Manifest.lock\" > /dev/null\nif [ $? != 0 ] ; then\n    # print error to STDERR\n    echo \"error: The sandbox is not in sync with the Podfile.lock. Run 'pod install' or update your CocoaPods installation.\" >&2\n    exit 1\nfi\n# This output is used by Xcode 'outputs' to avoid re-running this script phase.\necho \"SUCCESS\" > \"${SCRIPT_OUTPUT_FILE_0}\"\n";
			showEnvVarsInLog = 0;
		};
		CCFFE3D54A707B9BB503581A /* [CP] Check Pods Manifest.lock */ = {
			isa = PBXShellScriptBuildPhase;
			buildActionMask = 2147483647;
			files = (
			);
			inputPaths = (
				"${PODS_PODFILE_DIR_PATH}/Podfile.lock",
				"${PODS_ROOT}/Manifest.lock",
			);
			name = "[CP] Check Pods Manifest.lock";
			outputPaths = (
				"$(DERIVED_FILE_DIR)/Pods-FlixTests-checkManifestLockResult.txt",
			);
			runOnlyForDeploymentPostprocessing = 0;
			shellPath = /bin/sh;
			shellScript = "diff \"${PODS_PODFILE_DIR_PATH}/Podfile.lock\" \"${PODS_ROOT}/Manifest.lock\" > /dev/null\nif [ $? != 0 ] ; then\n    # print error to STDERR\n    echo \"error: The sandbox is not in sync with the Podfile.lock. Run 'pod install' or update your CocoaPods installation.\" >&2\n    exit 1\nfi\n# This output is used by Xcode 'outputs' to avoid re-running this script phase.\necho \"SUCCESS\" > \"${SCRIPT_OUTPUT_FILE_0}\"\n";
			showEnvVarsInLog = 0;
		};
		EDCFAC352AD0B71B454369FD /* [CP] Embed Pods Frameworks */ = {
			isa = PBXShellScriptBuildPhase;
			buildActionMask = 2147483647;
			files = (
			);
			inputPaths = (
			);
			name = "[CP] Embed Pods Frameworks";
			outputPaths = (
			);
			runOnlyForDeploymentPostprocessing = 0;
			shellPath = /bin/sh;
			shellScript = "\"${SRCROOT}/Pods/Target Support Files/Pods-FlixUITests/Pods-FlixUITests-frameworks.sh\"\n";
			showEnvVarsInLog = 0;
		};
		F00683073B5836A0B35D6D5E /* [CP] Embed Pods Frameworks */ = {
			isa = PBXShellScriptBuildPhase;
			buildActionMask = 2147483647;
			files = (
			);
			inputPaths = (
			);
			name = "[CP] Embed Pods Frameworks";
			outputPaths = (
			);
			runOnlyForDeploymentPostprocessing = 0;
			shellPath = /bin/sh;
			shellScript = "\"${SRCROOT}/Pods/Target Support Files/Pods-FlixTests/Pods-FlixTests-frameworks.sh\"\n";
			showEnvVarsInLog = 0;
		};
		F867EFAA31B61C2C23CD1229 /* [CP] Copy Pods Resources */ = {
			isa = PBXShellScriptBuildPhase;
			buildActionMask = 2147483647;
			files = (
			);
			inputPaths = (
			);
			name = "[CP] Copy Pods Resources";
			outputPaths = (
			);
			runOnlyForDeploymentPostprocessing = 0;
			shellPath = /bin/sh;
			shellScript = "\"${SRCROOT}/Pods/Target Support Files/Pods-FlixTests/Pods-FlixTests-resources.sh\"\n";
			showEnvVarsInLog = 0;
		};
		FCAA02F23537834046975D7F /* [CP] Check Pods Manifest.lock */ = {
			isa = PBXShellScriptBuildPhase;
			buildActionMask = 2147483647;
			files = (
			);
			inputPaths = (
				"${PODS_PODFILE_DIR_PATH}/Podfile.lock",
				"${PODS_ROOT}/Manifest.lock",
			);
			name = "[CP] Check Pods Manifest.lock";
			outputPaths = (
				"$(DERIVED_FILE_DIR)/Pods-FlixUITests-checkManifestLockResult.txt",
			);
			runOnlyForDeploymentPostprocessing = 0;
			shellPath = /bin/sh;
			shellScript = "diff \"${PODS_PODFILE_DIR_PATH}/Podfile.lock\" \"${PODS_ROOT}/Manifest.lock\" > /dev/null\nif [ $? != 0 ] ; then\n    # print error to STDERR\n    echo \"error: The sandbox is not in sync with the Podfile.lock. Run 'pod install' or update your CocoaPods installation.\" >&2\n    exit 1\nfi\n# This output is used by Xcode 'outputs' to avoid re-running this script phase.\necho \"SUCCESS\" > \"${SCRIPT_OUTPUT_FILE_0}\"\n";
			showEnvVarsInLog = 0;
		};
/* End PBXShellScriptBuildPhase section */

/* Begin PBXSourcesBuildPhase section */
		13700FD4202671C000BA836B /* Sources */ = {
			isa = PBXSourcesBuildPhase;
			buildActionMask = 2147483647;
			files = (
				1370100B202679E400BA836B /* NowPlayingViewController.swift in Sources */,
				13701014202A8C1200BA836B /* PosterCell.swift in Sources */,
				13701017202A8C8C00BA836B /* SuperheroViewController.swift in Sources */,
				1396D8692048C4F400F2EE2C /* MovieApiManager.swift in Sources */,
				13700FDC202671C200BA836B /* AppDelegate.swift in Sources */,
				13722EAA203126FD002E919A /* WebViewController.swift in Sources */,
				1370100D2026874200BA836B /* MovieCell.swift in Sources */,
				137D453F2047BA1B00862266 /* Movie.swift in Sources */,
				1370100F2027CFB700BA836B /* DetailsViewController.swift in Sources */,
			);
			runOnlyForDeploymentPostprocessing = 0;
		};
		13700FE8202671C400BA836B /* Sources */ = {
			isa = PBXSourcesBuildPhase;
			buildActionMask = 2147483647;
			files = (
				13700FF1202671C400BA836B /* FlixTests.swift in Sources */,
			);
			runOnlyForDeploymentPostprocessing = 0;
		};
		13700FF3202671C400BA836B /* Sources */ = {
			isa = PBXSourcesBuildPhase;
			buildActionMask = 2147483647;
			files = (
				13700FFC202671C400BA836B /* FlixUITests.swift in Sources */,
			);
			runOnlyForDeploymentPostprocessing = 0;
		};
/* End PBXSourcesBuildPhase section */

/* Begin PBXTargetDependency section */
		13700FEE202671C400BA836B /* PBXTargetDependency */ = {
			isa = PBXTargetDependency;
			target = 13700FD7202671C000BA836B /* Flix */;
			targetProxy = 13700FED202671C400BA836B /* PBXContainerItemProxy */;
		};
		13700FF9202671C400BA836B /* PBXTargetDependency */ = {
			isa = PBXTargetDependency;
			target = 13700FD7202671C000BA836B /* Flix */;
			targetProxy = 13700FF8202671C400BA836B /* PBXContainerItemProxy */;
		};
/* End PBXTargetDependency section */

/* Begin PBXVariantGroup section */
		13700FDF202671C200BA836B /* Main.storyboard */ = {
			isa = PBXVariantGroup;
			children = (
				13700FE0202671C200BA836B /* Base */,
			);
			name = Main.storyboard;
			sourceTree = "<group>";
		};
		13700FE4202671C300BA836B /* LaunchScreen.storyboard */ = {
			isa = PBXVariantGroup;
			children = (
				13700FE5202671C300BA836B /* Base */,
			);
			name = LaunchScreen.storyboard;
			sourceTree = "<group>";
		};
/* End PBXVariantGroup section */

/* Begin XCBuildConfiguration section */
		13700FFE202671C400BA836B /* Debug */ = {
			isa = XCBuildConfiguration;
			buildSettings = {
				ALWAYS_SEARCH_USER_PATHS = NO;
				CLANG_ANALYZER_NONNULL = YES;
				CLANG_CXX_LANGUAGE_STANDARD = "gnu++0x";
				CLANG_CXX_LIBRARY = "libc++";
				CLANG_ENABLE_MODULES = YES;
				CLANG_ENABLE_OBJC_ARC = YES;
				CLANG_WARN_BLOCK_CAPTURE_AUTORELEASING = YES;
				CLANG_WARN_BOOL_CONVERSION = YES;
				CLANG_WARN_COMMA = YES;
				CLANG_WARN_CONSTANT_CONVERSION = YES;
				CLANG_WARN_DIRECT_OBJC_ISA_USAGE = YES_ERROR;
				CLANG_WARN_DOCUMENTATION_COMMENTS = YES;
				CLANG_WARN_EMPTY_BODY = YES;
				CLANG_WARN_ENUM_CONVERSION = YES;
				CLANG_WARN_INFINITE_RECURSION = YES;
				CLANG_WARN_INT_CONVERSION = YES;
				CLANG_WARN_NON_LITERAL_NULL_CONVERSION = YES;
				CLANG_WARN_OBJC_LITERAL_CONVERSION = YES;
				CLANG_WARN_OBJC_ROOT_CLASS = YES_ERROR;
				CLANG_WARN_RANGE_LOOP_ANALYSIS = YES;
				CLANG_WARN_STRICT_PROTOTYPES = YES;
				CLANG_WARN_SUSPICIOUS_MOVE = YES;
				CLANG_WARN_UNREACHABLE_CODE = YES;
				CLANG_WARN__DUPLICATE_METHOD_MATCH = YES;
				"CODE_SIGN_IDENTITY[sdk=iphoneos*]" = "iPhone Developer";
				COPY_PHASE_STRIP = NO;
				DEBUG_INFORMATION_FORMAT = dwarf;
				ENABLE_STRICT_OBJC_MSGSEND = YES;
				ENABLE_TESTABILITY = YES;
				GCC_C_LANGUAGE_STANDARD = gnu99;
				GCC_DYNAMIC_NO_PIC = NO;
				GCC_NO_COMMON_BLOCKS = YES;
				GCC_OPTIMIZATION_LEVEL = 0;
				GCC_PREPROCESSOR_DEFINITIONS = (
					"DEBUG=1",
					"$(inherited)",
				);
				GCC_WARN_64_TO_32_BIT_CONVERSION = YES;
				GCC_WARN_ABOUT_RETURN_TYPE = YES_ERROR;
				GCC_WARN_UNDECLARED_SELECTOR = YES;
				GCC_WARN_UNINITIALIZED_AUTOS = YES_AGGRESSIVE;
				GCC_WARN_UNUSED_FUNCTION = YES;
				GCC_WARN_UNUSED_VARIABLE = YES;
				IPHONEOS_DEPLOYMENT_TARGET = 11.2;
				MTL_ENABLE_DEBUG_INFO = YES;
				ONLY_ACTIVE_ARCH = YES;
				SDKROOT = iphoneos;
				SWIFT_ACTIVE_COMPILATION_CONDITIONS = DEBUG;
				SWIFT_OPTIMIZATION_LEVEL = "-Onone";
			};
			name = Debug;
		};
		13700FFF202671C400BA836B /* Release */ = {
			isa = XCBuildConfiguration;
			buildSettings = {
				ALWAYS_SEARCH_USER_PATHS = NO;
				CLANG_ANALYZER_NONNULL = YES;
				CLANG_CXX_LANGUAGE_STANDARD = "gnu++0x";
				CLANG_CXX_LIBRARY = "libc++";
				CLANG_ENABLE_MODULES = YES;
				CLANG_ENABLE_OBJC_ARC = YES;
				CLANG_WARN_BLOCK_CAPTURE_AUTORELEASING = YES;
				CLANG_WARN_BOOL_CONVERSION = YES;
				CLANG_WARN_COMMA = YES;
				CLANG_WARN_CONSTANT_CONVERSION = YES;
				CLANG_WARN_DIRECT_OBJC_ISA_USAGE = YES_ERROR;
				CLANG_WARN_DOCUMENTATION_COMMENTS = YES;
				CLANG_WARN_EMPTY_BODY = YES;
				CLANG_WARN_ENUM_CONVERSION = YES;
				CLANG_WARN_INFINITE_RECURSION = YES;
				CLANG_WARN_INT_CONVERSION = YES;
				CLANG_WARN_NON_LITERAL_NULL_CONVERSION = YES;
				CLANG_WARN_OBJC_LITERAL_CONVERSION = YES;
				CLANG_WARN_OBJC_ROOT_CLASS = YES_ERROR;
				CLANG_WARN_RANGE_LOOP_ANALYSIS = YES;
				CLANG_WARN_STRICT_PROTOTYPES = YES;
				CLANG_WARN_SUSPICIOUS_MOVE = YES;
				CLANG_WARN_UNREACHABLE_CODE = YES;
				CLANG_WARN__DUPLICATE_METHOD_MATCH = YES;
				"CODE_SIGN_IDENTITY[sdk=iphoneos*]" = "iPhone Developer";
				COPY_PHASE_STRIP = NO;
				DEBUG_INFORMATION_FORMAT = "dwarf-with-dsym";
				ENABLE_NS_ASSERTIONS = NO;
				ENABLE_STRICT_OBJC_MSGSEND = YES;
				GCC_C_LANGUAGE_STANDARD = gnu99;
				GCC_NO_COMMON_BLOCKS = YES;
				GCC_WARN_64_TO_32_BIT_CONVERSION = YES;
				GCC_WARN_ABOUT_RETURN_TYPE = YES_ERROR;
				GCC_WARN_UNDECLARED_SELECTOR = YES;
				GCC_WARN_UNINITIALIZED_AUTOS = YES_AGGRESSIVE;
				GCC_WARN_UNUSED_FUNCTION = YES;
				GCC_WARN_UNUSED_VARIABLE = YES;
				IPHONEOS_DEPLOYMENT_TARGET = 11.2;
				MTL_ENABLE_DEBUG_INFO = NO;
				SDKROOT = iphoneos;
				SWIFT_OPTIMIZATION_LEVEL = "-Owholemodule";
				VALIDATE_PRODUCT = YES;
			};
			name = Release;
		};
		13701001202671C400BA836B /* Debug */ = {
			isa = XCBuildConfiguration;
			baseConfigurationReference = 8E2C986A400F5C5F773DB0F0 /* Pods-Flix.debug.xcconfig */;
			buildSettings = {
				ASSETCATALOG_COMPILER_APPICON_NAME = AppIcon;
				DEVELOPMENT_TEAM = 25TT9R78SH;
				INFOPLIST_FILE = Flix/Info.plist;
				IPHONEOS_DEPLOYMENT_TARGET = 10.3;
				LD_RUNPATH_SEARCH_PATHS = "$(inherited) @executable_path/Frameworks";
				PRODUCT_BUNDLE_IDENTIFIER = com.capcap.Flix;
				PRODUCT_NAME = "$(TARGET_NAME)";
				SWIFT_SWIFT3_OBJC_INFERENCE = On;
				SWIFT_VERSION = 3.0;
				TARGETED_DEVICE_FAMILY = 1;
			};
			name = Debug;
		};
		13701002202671C400BA836B /* Release */ = {
			isa = XCBuildConfiguration;
			baseConfigurationReference = 19DA274F8217BEE6F363C1E1 /* Pods-Flix.release.xcconfig */;
			buildSettings = {
				ASSETCATALOG_COMPILER_APPICON_NAME = AppIcon;
				DEVELOPMENT_TEAM = 25TT9R78SH;
				INFOPLIST_FILE = Flix/Info.plist;
				IPHONEOS_DEPLOYMENT_TARGET = 10.3;
				LD_RUNPATH_SEARCH_PATHS = "$(inherited) @executable_path/Frameworks";
				PRODUCT_BUNDLE_IDENTIFIER = com.capcap.Flix;
				PRODUCT_NAME = "$(TARGET_NAME)";
				SWIFT_SWIFT3_OBJC_INFERENCE = On;
				SWIFT_VERSION = 3.0;
				TARGETED_DEVICE_FAMILY = 1;
			};
			name = Release;
		};
		13701004202671C400BA836B /* Debug */ = {
			isa = XCBuildConfiguration;
			baseConfigurationReference = 531058056107A5CCB14093AF /* Pods-FlixTests.debug.xcconfig */;
			buildSettings = {
				ALWAYS_EMBED_SWIFT_STANDARD_LIBRARIES = YES;
				BUNDLE_LOADER = "$(TEST_HOST)";
				INFOPLIST_FILE = FlixTests/Info.plist;
				LD_RUNPATH_SEARCH_PATHS = "$(inherited) @executable_path/Frameworks @loader_path/Frameworks";
				PRODUCT_BUNDLE_IDENTIFIER = com.capcap.FlixTests;
				PRODUCT_NAME = "$(TARGET_NAME)";
				SWIFT_SWIFT3_OBJC_INFERENCE = On;
				SWIFT_VERSION = 4.0;
				TEST_HOST = "$(BUILT_PRODUCTS_DIR)/Flix.app/Flix";
			};
			name = Debug;
		};
		13701005202671C400BA836B /* Release */ = {
			isa = XCBuildConfiguration;
			baseConfigurationReference = 55118DCA3FADD146D7B15ABB /* Pods-FlixTests.release.xcconfig */;
			buildSettings = {
				ALWAYS_EMBED_SWIFT_STANDARD_LIBRARIES = YES;
				BUNDLE_LOADER = "$(TEST_HOST)";
				INFOPLIST_FILE = FlixTests/Info.plist;
				LD_RUNPATH_SEARCH_PATHS = "$(inherited) @executable_path/Frameworks @loader_path/Frameworks";
				PRODUCT_BUNDLE_IDENTIFIER = com.capcap.FlixTests;
				PRODUCT_NAME = "$(TARGET_NAME)";
				SWIFT_SWIFT3_OBJC_INFERENCE = On;
				SWIFT_VERSION = 4.0;
				TEST_HOST = "$(BUILT_PRODUCTS_DIR)/Flix.app/Flix";
			};
			name = Release;
		};
		13701007202671C400BA836B /* Debug */ = {
			isa = XCBuildConfiguration;
			baseConfigurationReference = 9360FE7E353EDC7F37E73B9B /* Pods-FlixUITests.debug.xcconfig */;
			buildSettings = {
				ALWAYS_EMBED_SWIFT_STANDARD_LIBRARIES = YES;
				INFOPLIST_FILE = FlixUITests/Info.plist;
				LD_RUNPATH_SEARCH_PATHS = "$(inherited) @executable_path/Frameworks @loader_path/Frameworks";
				PRODUCT_BUNDLE_IDENTIFIER = com.capcap.FlixUITests;
				PRODUCT_NAME = "$(TARGET_NAME)";
				SWIFT_SWIFT3_OBJC_INFERENCE = On;
				SWIFT_VERSION = 4.0;
				TEST_TARGET_NAME = Flix;
			};
			name = Debug;
		};
		13701008202671C400BA836B /* Release */ = {
			isa = XCBuildConfiguration;
			baseConfigurationReference = FEFF1E882586162142CA009D /* Pods-FlixUITests.release.xcconfig */;
			buildSettings = {
				ALWAYS_EMBED_SWIFT_STANDARD_LIBRARIES = YES;
				INFOPLIST_FILE = FlixUITests/Info.plist;
				LD_RUNPATH_SEARCH_PATHS = "$(inherited) @executable_path/Frameworks @loader_path/Frameworks";
				PRODUCT_BUNDLE_IDENTIFIER = com.capcap.FlixUITests;
				PRODUCT_NAME = "$(TARGET_NAME)";
				SWIFT_SWIFT3_OBJC_INFERENCE = On;
				SWIFT_VERSION = 4.0;
				TEST_TARGET_NAME = Flix;
			};
			name = Release;
		};
/* End XCBuildConfiguration section */

/* Begin XCConfigurationList section */
		13700FD3202671C000BA836B /* Build configuration list for PBXProject "Flix" */ = {
			isa = XCConfigurationList;
			buildConfigurations = (
				13700FFE202671C400BA836B /* Debug */,
				13700FFF202671C400BA836B /* Release */,
			);
			defaultConfigurationIsVisible = 0;
			defaultConfigurationName = Release;
		};
		13701000202671C400BA836B /* Build configuration list for PBXNativeTarget "Flix" */ = {
			isa = XCConfigurationList;
			buildConfigurations = (
				13701001202671C400BA836B /* Debug */,
				13701002202671C400BA836B /* Release */,
			);
			defaultConfigurationIsVisible = 0;
			defaultConfigurationName = Release;
		};
		13701003202671C400BA836B /* Build configuration list for PBXNativeTarget "FlixTests" */ = {
			isa = XCConfigurationList;
			buildConfigurations = (
				13701004202671C400BA836B /* Debug */,
				13701005202671C400BA836B /* Release */,
			);
			defaultConfigurationIsVisible = 0;
			defaultConfigurationName = Release;
		};
		13701006202671C400BA836B /* Build configuration list for PBXNativeTarget "FlixUITests" */ = {
			isa = XCConfigurationList;
			buildConfigurations = (
				13701007202671C400BA836B /* Debug */,
				13701008202671C400BA836B /* Release */,
			);
			defaultConfigurationIsVisible = 0;
			defaultConfigurationName = Release;
		};
/* End XCConfigurationList section */
	};
	rootObject = 13700FD0202671C000BA836B /* Project object */;
}
